<?xml version="1.0" encoding="utf-8"?>
<Project ToolsVersion="4.0" xmlns="http://schemas.microsoft.com/developer/msbuild/2003">
  <ItemGroup>
    <Filter Include="Layer">
      <UniqueIdentifier>{6287950D-CE9B-BDBE-971D-611E03F1B9EF}</UniqueIdentifier>
    </Filter>
    <Filter Include="Panel">
      <UniqueIdentifier>{80e0d2f1-1bd1-49e3-a859-b7bfbfd2eada}</UniqueIdentifier>
    </Filter>
  </ItemGroup>
  <ItemGroup>
    <ClInclude Include="Source\Layer\EditorLayer.h">
      <Filter>Layer</Filter>
    </ClInclude>
    <ClInclude Include="Source\Panel\Panel.h">
      <Filter>Panel</Filter>
    </ClInclude>
    <ClInclude Include="Source\Panel\SceneHierarchyPanel.h">
      <Filter>Panel</Filter>
    </ClInclude>
    <ClInclude Include="Source\Panel\PropertiesPanel.h" />
  </ItemGroup>
  <ItemGroup>
    <ClCompile Include="Source\EditorApp.cpp" />
    <ClCompile Include="Source\Layer\EditorLayer.cpp">
      <Filter>Layer</Filter>
    </ClCompile>
    <ClCompile Include="Source\Panel\Panel.cpp">
      <Filter>Panel</Filter>
    </ClCompile>
    <ClCompile Include="Source\Panel\SceneHierarchyPanel.cpp">
      <Filter>Panel</Filter>
    </ClCompile>
    <ClCompile Include="Source\Panel\PropertiesPanel.cpp" />
  </ItemGroup>
</Project>