<?xml version="1.0" encoding="utf-8"?>
<Project ToolsVersion="4.0" xmlns="http://schemas.microsoft.com/developer/msbuild/2003">
  <ItemGroup>
    <Filter Include="Mimou">
      <UniqueIdentifier>{2CD1AB0D-98E5-D3BE-6167-771ECD3AD0EF}</UniqueIdentifier>
    </Filter>
    <Filter Include="Mimou\Event">
      <UniqueIdentifier>{7D834C5B-E938-C550-722D-BF27DEE1BB54}</UniqueIdentifier>
    </Filter>
    <Filter Include="Mimou\Window">
      <UniqueIdentifier>{9354F3ED-7FB7-8292-283D-BB48147F4E15}</UniqueIdentifier>
    </Filter>
    <Filter Include="Mimou\Window\Windows">
      <UniqueIdentifier>{CDE1896F-B970-1339-628F-27344EFD23DF}</UniqueIdentifier>
    </Filter>
  </ItemGroup>
  <ItemGroup>
    <ClInclude Include="Source\Mimou.h" />
    <ClInclude Include="Source\Mimou\Application.h">
      <Filter>Mimou</Filter>
    </ClInclude>
    <ClInclude Include="Source\Mimou\Core.h">
      <Filter>Mimou</Filter>
    </ClInclude>
    <ClInclude Include="Source\Mimou\EntryPoint.h">
      <Filter>Mimou</Filter>
    </ClInclude>
    <ClInclude Include="Source\Mimou\Event\EventBase.h">
      <Filter>Mimou\Event</Filter>
    </ClInclude>
    <ClInclude Include="Source\Mimou\Event\KeyCodes.h">
      <Filter>Mimou\Event</Filter>
    </ClInclude>
    <ClInclude Include="Source\Mimou\Event\KeyEvent.h">
      <Filter>Mimou\Event</Filter>
    </ClInclude>
    <ClInclude Include="Source\Mimou\Logging.h">
      <Filter>Mimou</Filter>
    </ClInclude>
    <ClInclude Include="Source\Mimou\Window\Window.h">
      <Filter>Mimou\Window</Filter>
    </ClInclude>
    <ClInclude Include="Source\Mimou\Window\Windows\WindowsWindow.h">
      <Filter>Mimou\Window\Windows</Filter>
    </ClInclude>
    <ClInclude Include="Source\mepch.h" />
    <ClInclude Include="Source\Mimou\Event\AppEvent.h" />
  </ItemGroup>
  <ItemGroup>
    <ClCompile Include="Source\Mimou\Application.cpp">
      <Filter>Mimou</Filter>
    </ClCompile>
    <ClCompile Include="Source\Mimou\Logging.cpp">
      <Filter>Mimou</Filter>
    </ClCompile>
    <ClCompile Include="Source\Mimou\Window\Windows\WindowsWindow.cpp">
      <Filter>Mimou\Window\Windows</Filter>
    </ClCompile>
    <ClCompile Include="Source\mepch.cpp" />
  </ItemGroup>
</Project>