<?xml version="1.0" encoding="utf-8"?>
<Project ToolsVersion="4.0" xmlns="http://schemas.microsoft.com/developer/msbuild/2003">
  <ItemGroup>
    <Filter Include="Mimou">
      <UniqueIdentifier>{2CD1AB0D-98E5-D3BE-6167-771ECD3AD0EF}</UniqueIdentifier>
    </Filter>
    <Filter Include="Mimou\Event">
      <UniqueIdentifier>{7D834C5B-E938-C550-722D-BF27DEE1BB54}</UniqueIdentifier>
    </Filter>
    <Filter Include="Mimou\ImGUI">
      <UniqueIdentifier>{16738F5B-8228-0851-0B1D-022877D1FE54}</UniqueIdentifier>
    </Filter>
    <Filter Include="Mimou\Renderer">
      <UniqueIdentifier>{5226E366-3EF4-D66C-2788-479313F5B2D1}</UniqueIdentifier>
    </Filter>
    <Filter Include="Mimou\Renderer\OpenGL">
      <UniqueIdentifier>{463F8FBE-B2AB-4AB9-7B9F-E216E7CA6C21}</UniqueIdentifier>
    </Filter>
    <Filter Include="Mimou\Utils">
      <UniqueIdentifier>{8C036D5C-F8B8-E551-81AD-DF28ED61DC55}</UniqueIdentifier>
    </Filter>
    <Filter Include="Mimou\Utils\FileUtils">
      <UniqueIdentifier>{ECF2E577-585F-A172-2153-39D08D7EC3DA}</UniqueIdentifier>
    </Filter>
    <Filter Include="Mimou\Window">
      <UniqueIdentifier>{9354F3ED-7FB7-8292-283D-BB48147F4E15}</UniqueIdentifier>
    </Filter>
    <Filter Include="Mimou\Window\Windows">
      <UniqueIdentifier>{CDE1896F-B970-1339-628F-27344EFD23DF}</UniqueIdentifier>
    </Filter>
  </ItemGroup>
  <ItemGroup>
    <ClInclude Include="Source\Mimou.h" />
    <ClInclude Include="Source\Mimou\Application.h">
      <Filter>Mimou</Filter>
    </ClInclude>
    <ClInclude Include="Source\Mimou\Core.h">
      <Filter>Mimou</Filter>
    </ClInclude>
    <ClInclude Include="Source\Mimou\EntryPoint.h">
      <Filter>Mimou</Filter>
    </ClInclude>
    <ClInclude Include="Source\Mimou\Event\AppEvent.h">
      <Filter>Mimou\Event</Filter>
    </ClInclude>
    <ClInclude Include="Source\Mimou\Event\EventBase.h">
      <Filter>Mimou\Event</Filter>
    </ClInclude>
    <ClInclude Include="Source\Mimou\Event\KeyCodes.h">
      <Filter>Mimou\Event</Filter>
    </ClInclude>
    <ClInclude Include="Source\Mimou\Event\KeyEvent.h">
      <Filter>Mimou\Event</Filter>
    </ClInclude>
    <ClInclude Include="Source\Mimou\Event\MouseButtonCodes.h">
      <Filter>Mimou\Event</Filter>
    </ClInclude>
    <ClInclude Include="Source\Mimou\Event\MouseEvent.h">
      <Filter>Mimou\Event</Filter>
    </ClInclude>
    <ClInclude Include="Source\Mimou\ImGUI\ImGUILayer.h">
      <Filter>Mimou\ImGUI</Filter>
    </ClInclude>
    <ClInclude Include="Source\Mimou\Input.h">
      <Filter>Mimou</Filter>
    </ClInclude>
    <ClInclude Include="Source\Mimou\Layer.h">
      <Filter>Mimou</Filter>
    </ClInclude>
    <ClInclude Include="Source\Mimou\LayerStack.h">
      <Filter>Mimou</Filter>
    </ClInclude>
    <ClInclude Include="Source\Mimou\Logging.h">
      <Filter>Mimou</Filter>
    </ClInclude>
    <ClInclude Include="Source\Mimou\Renderer\Buffer.h">
      <Filter>Mimou\Renderer</Filter>
    </ClInclude>
    <ClInclude Include="Source\Mimou\Renderer\GraphicsContext.h">
      <Filter>Mimou\Renderer</Filter>
    </ClInclude>
    <ClInclude Include="Source\Mimou\Renderer\OpenGL\OpenGLBuffer.h">
      <Filter>Mimou\Renderer\OpenGL</Filter>
    </ClInclude>
    <ClInclude Include="Source\Mimou\Renderer\OpenGL\OpenGLContext.h">
      <Filter>Mimou\Renderer\OpenGL</Filter>
    </ClInclude>
    <ClInclude Include="Source\Mimou\Renderer\OpenGL\OpenGLRendererAPI.h">
      <Filter>Mimou\Renderer\OpenGL</Filter>
    </ClInclude>
    <ClInclude Include="Source\Mimou\Renderer\OpenGL\OpenGLShader.h">
      <Filter>Mimou\Renderer\OpenGL</Filter>
    </ClInclude>
    <ClInclude Include="Source\Mimou\Renderer\OpenGL\OpenGLVertexArray.h">
      <Filter>Mimou\Renderer\OpenGL</Filter>
    </ClInclude>
    <ClInclude Include="Source\Mimou\Renderer\RenderCommand.h">
      <Filter>Mimou\Renderer</Filter>
    </ClInclude>
    <ClInclude Include="Source\Mimou\Renderer\Renderer.h">
      <Filter>Mimou\Renderer</Filter>
    </ClInclude>
    <ClInclude Include="Source\Mimou\Renderer\RendererAPI.h">
      <Filter>Mimou\Renderer</Filter>
    </ClInclude>
    <ClInclude Include="Source\Mimou\Renderer\Shader.h">
      <Filter>Mimou\Renderer</Filter>
    </ClInclude>
    <ClInclude Include="Source\Mimou\Renderer\VertexArray.h">
      <Filter>Mimou\Renderer</Filter>
    </ClInclude>
    <ClInclude Include="Source\Mimou\Timestep.h">
      <Filter>Mimou</Filter>
    </ClInclude>
    <ClInclude Include="Source\Mimou\Utils\FileUtils\FileHelper.h">
      <Filter>Mimou\Utils\FileUtils</Filter>
    </ClInclude>
    <ClInclude Include="Source\Mimou\Window\Window.h">
      <Filter>Mimou\Window</Filter>
    </ClInclude>
    <ClInclude Include="Source\Mimou\Window\Windows\WindowsInput.h">
      <Filter>Mimou\Window\Windows</Filter>
    </ClInclude>
    <ClInclude Include="Source\Mimou\Window\Windows\WindowsWindow.h">
      <Filter>Mimou\Window\Windows</Filter>
    </ClInclude>
    <ClInclude Include="Source\mepch.h" />
    <ClInclude Include="Source\Mimou\Renderer\Texture.h" />
    <ClInclude Include="Source\Mimou\Mesh\StaticMesh.h" />
    <ClInclude Include="Source\Mimou\Renderer\Camera\PerspectiveCamera.h" />
    <ClInclude Include="Source\Mimou\Renderer\Camera\Camera.h" />
    <ClInclude Include="Source\Mimou\Renderer\Camera\PerspectiveCameraController.h" />
    <ClInclude Include="Source\Mimou\Renderer\Material\Material.h" />
    <ClInclude Include="Source\Mimou\Renderer\Lighting\Light.h" />
  </ItemGroup>
  <ItemGroup>
    <ClCompile Include="Source\Mimou\Application.cpp">
      <Filter>Mimou</Filter>
    </ClCompile>
    <ClCompile Include="Source\Mimou\ImGUI\ImGUIBuild.cpp">
      <Filter>Mimou\ImGUI</Filter>
    </ClCompile>
    <ClCompile Include="Source\Mimou\ImGUI\ImGUILayer.cpp">
      <Filter>Mimou\ImGUI</Filter>
    </ClCompile>
    <ClCompile Include="Source\Mimou\LayerStack.cpp">
      <Filter>Mimou</Filter>
    </ClCompile>
    <ClCompile Include="Source\Mimou\Logging.cpp">
      <Filter>Mimou</Filter>
    </ClCompile>
    <ClCompile Include="Source\Mimou\Renderer\Buffer.cpp">
      <Filter>Mimou\Renderer</Filter>
    </ClCompile>
    <ClCompile Include="Source\Mimou\Renderer\OpenGL\OpenGLBuffer.cpp">
      <Filter>Mimou\Renderer\OpenGL</Filter>
    </ClCompile>
    <ClCompile Include="Source\Mimou\Renderer\OpenGL\OpenGLContext.cpp">
      <Filter>Mimou\Renderer\OpenGL</Filter>
    </ClCompile>
    <ClCompile Include="Source\Mimou\Renderer\OpenGL\OpenGLRendererAPI.cpp">
      <Filter>Mimou\Renderer\OpenGL</Filter>
    </ClCompile>
    <ClCompile Include="Source\Mimou\Renderer\OpenGL\OpenGLShader.cpp">
      <Filter>Mimou\Renderer\OpenGL</Filter>
    </ClCompile>
    <ClCompile Include="Source\Mimou\Renderer\OpenGL\OpenGLVertexArray.cpp">
      <Filter>Mimou\Renderer\OpenGL</Filter>
    </ClCompile>
    <ClCompile Include="Source\Mimou\Renderer\RenderCommand.cpp">
      <Filter>Mimou\Renderer</Filter>
    </ClCompile>
    <ClCompile Include="Source\Mimou\Renderer\Renderer.cpp">
      <Filter>Mimou\Renderer</Filter>
    </ClCompile>
    <ClCompile Include="Source\Mimou\Renderer\RendererAPI.cpp">
      <Filter>Mimou\Renderer</Filter>
    </ClCompile>
    <ClCompile Include="Source\Mimou\Renderer\Shader.cpp">
      <Filter>Mimou\Renderer</Filter>
    </ClCompile>
    <ClCompile Include="Source\Mimou\Renderer\VertexArray.cpp">
      <Filter>Mimou\Renderer</Filter>
    </ClCompile>
    <ClCompile Include="Source\Mimou\Utils\FileUtils\FileHelper.cpp">
      <Filter>Mimou\Utils\FileUtils</Filter>
    </ClCompile>
    <ClCompile Include="Source\Mimou\Window\Windows\WindowsInput.cpp">
      <Filter>Mimou\Window\Windows</Filter>
    </ClCompile>
    <ClCompile Include="Source\Mimou\Window\Windows\WindowsWindow.cpp">
      <Filter>Mimou\Window\Windows</Filter>
    </ClCompile>
    <ClCompile Include="Source\mepch.cpp" />
    <ClCompile Include="Source\Mimou\Renderer\Texture.cpp" />
    <ClCompile Include="Source\Mimou\Mesh\StaticMesh.cpp" />
    <ClCompile Include="Source\Mimou\Renderer\Camera\PerspectiveCamera.cpp" />
    <ClCompile Include="Source\Mimou\Renderer\Camera\PerspectiveCameraController.cpp" />
    <ClCompile Include="Source\Mimou\Renderer\Material\Material.cpp" />
    <ClCompile Include="Source\Mimou\Renderer\Lighting\Light.cpp" />
  </ItemGroup>
</Project>