<?xml version="1.0" encoding="utf-8"?>
<Project ToolsVersion="4.0" xmlns="http://schemas.microsoft.com/developer/msbuild/2003">
  <ItemGroup>
    <Filter Include="backends">
      <UniqueIdentifier>{00057006-ECD1-CA11-15EB-B8B9011700A0}</UniqueIdentifier>
    </Filter>
    <Filter Include="examples">
      <UniqueIdentifier>{84D830B1-70A5-8BBC-99BE-796485EAC04A}</UniqueIdentifier>
    </Filter>
    <Filter Include="examples\example_allegro5">
      <UniqueIdentifier>{994063B8-0503-9742-4EB3-25CFBAB46F20}</UniqueIdentifier>
    </Filter>
    <Filter Include="examples\example_android_opengl3">
      <UniqueIdentifier>{56E09560-4231-81A2-6B95-6F645745140C}</UniqueIdentifier>
    </Filter>
    <Filter Include="examples\example_emscripten_wgpu">
      <UniqueIdentifier>{3A023CDB-2653-271D-4FB7-15DF3B67BA86}</UniqueIdentifier>
    </Filter>
    <Filter Include="examples\example_glfw_opengl2">
      <UniqueIdentifier>{241A03BE-9032-EAE7-59DF-7981C5B67E81}</UniqueIdentifier>
    </Filter>
    <Filter Include="examples\example_glfw_opengl3">
      <UniqueIdentifier>{251A03BE-9132-EAE7-5ADF-7981C6B67E81}</UniqueIdentifier>
    </Filter>
    <Filter Include="examples\example_glfw_vulkan">
      <UniqueIdentifier>{BE03E1C8-AABE-D074-5376-49BF3F101B05}</UniqueIdentifier>
    </Filter>
    <Filter Include="examples\example_glut_opengl2">
      <UniqueIdentifier>{10482C9D-7C60-13C7-450D-A360B1E4A760}</UniqueIdentifier>
    </Filter>
    <Filter Include="examples\example_null">
      <UniqueIdentifier>{596BC32C-C5D7-7E27-8ECB-1685FAF6A08F}</UniqueIdentifier>
    </Filter>
    <Filter Include="examples\example_sdl2_directx11">
      <UniqueIdentifier>{A71C4227-1300-5167-1C03-7FA3886517B8}</UniqueIdentifier>
    </Filter>
    <Filter Include="examples\example_sdl2_opengl2">
      <UniqueIdentifier>{29C23A91-95DA-21BB-5E87-B154CA5EB654}</UniqueIdentifier>
    </Filter>
    <Filter Include="examples\example_sdl2_opengl3">
      <UniqueIdentifier>{2AC23A91-96DA-21BB-5F87-B154CB5EB654}</UniqueIdentifier>
    </Filter>
    <Filter Include="examples\example_sdl2_sdlrenderer2">
      <UniqueIdentifier>{FEDF0EFD-EA1B-1267-532E-2A5E3F89BA81}</UniqueIdentifier>
    </Filter>
    <Filter Include="examples\example_sdl2_vulkan">
      <UniqueIdentifier>{233F11F6-0FFA-00A2-B8B1-79ECA44B4B32}</UniqueIdentifier>
    </Filter>
    <Filter Include="examples\example_sdl3_opengl3">
      <UniqueIdentifier>{2B33B705-974B-9E2F-60F8-2DC9CCCF32C9}</UniqueIdentifier>
    </Filter>
    <Filter Include="examples\example_sdl3_sdlrenderer3">
      <UniqueIdentifier>{A0194F38-8C55-52A2-F567-6A99E1C2FABC}</UniqueIdentifier>
    </Filter>
    <Filter Include="examples\example_win32_directx10">
      <UniqueIdentifier>{44598166-30AA-6CA8-590E-5B6A45BEFF11}</UniqueIdentifier>
    </Filter>
    <Filter Include="examples\example_win32_directx11">
      <UniqueIdentifier>{45598166-31AA-6CA8-5A0E-5B6A46BEFF11}</UniqueIdentifier>
    </Filter>
    <Filter Include="examples\example_win32_directx12">
      <UniqueIdentifier>{46598166-32AA-6CA8-5B0E-5B6A47BEFF11}</UniqueIdentifier>
    </Filter>
    <Filter Include="examples\example_win32_directx9">
      <UniqueIdentifier>{9C867058-086A-7F98-116D-ADD47DCF45E9}</UniqueIdentifier>
    </Filter>
    <Filter Include="examples\example_win32_opengl3">
      <UniqueIdentifier>{483FA687-3465-70EE-1DAB-F5B9097095BA}</UniqueIdentifier>
    </Filter>
    <Filter Include="examples\libs">
      <UniqueIdentifier>{5D4FF000-C90F-6C37-924A-B5B4FEC9B013}</UniqueIdentifier>
    </Filter>
    <Filter Include="examples\libs\emscripten">
      <UniqueIdentifier>{462B4612-3250-9592-5B9B-7A22471F94B0}</UniqueIdentifier>
    </Filter>
    <Filter Include="examples\libs\glfw">
      <UniqueIdentifier>{3C45F63A-2829-B790-9189-B1E37D8CA112}</UniqueIdentifier>
    </Filter>
    <Filter Include="examples\libs\glfw\include">
      <UniqueIdentifier>{AFE822A3-9BF8-CE73-04B2-3392F0E0BD0C}</UniqueIdentifier>
    </Filter>
    <Filter Include="examples\libs\glfw\include\GLFW">
      <UniqueIdentifier>{4E69E5B0-BA4C-F4F0-C34F-222D2FB2BA41}</UniqueIdentifier>
    </Filter>
    <Filter Include="examples\libs\usynergy">
      <UniqueIdentifier>{324D28DD-1E47-512F-07B4-E73FF34CB79B}</UniqueIdentifier>
    </Filter>
    <Filter Include="misc">
      <UniqueIdentifier>{B1A29A7C-9DD9-9B0D-46C6-811032DC170F}</UniqueIdentifier>
    </Filter>
    <Filter Include="misc\cpp">
      <UniqueIdentifier>{030DBAB9-EFD9-14C5-18F3-026D041F4A53}</UniqueIdentifier>
    </Filter>
    <Filter Include="misc\fonts">
      <UniqueIdentifier>{CA1DA710-B6D5-E85D-1FDD-C1B90BB4834E}</UniqueIdentifier>
    </Filter>
    <Filter Include="misc\freetype">
      <UniqueIdentifier>{84388084-F0F8-FBBA-B933-453825B34097}</UniqueIdentifier>
    </Filter>
    <Filter Include="misc\single_file">
      <UniqueIdentifier>{21FD0C4E-0DF6-2BA0-3628-112522800BAC}</UniqueIdentifier>
    </Filter>
  </ItemGroup>
  <ItemGroup>
    <ClInclude Include="backends\imgui_impl_allegro5.h">
      <Filter>backends</Filter>
    </ClInclude>
    <ClInclude Include="backends\imgui_impl_android.h">
      <Filter>backends</Filter>
    </ClInclude>
    <ClInclude Include="backends\imgui_impl_dx10.h">
      <Filter>backends</Filter>
    </ClInclude>
    <ClInclude Include="backends\imgui_impl_dx11.h">
      <Filter>backends</Filter>
    </ClInclude>
    <ClInclude Include="backends\imgui_impl_dx12.h">
      <Filter>backends</Filter>
    </ClInclude>
    <ClInclude Include="backends\imgui_impl_dx9.h">
      <Filter>backends</Filter>
    </ClInclude>
    <ClInclude Include="backends\imgui_impl_glfw.h">
      <Filter>backends</Filter>
    </ClInclude>
    <ClInclude Include="backends\imgui_impl_glut.h">
      <Filter>backends</Filter>
    </ClInclude>
    <ClInclude Include="backends\imgui_impl_metal.h">
      <Filter>backends</Filter>
    </ClInclude>
    <ClInclude Include="backends\imgui_impl_opengl2.h">
      <Filter>backends</Filter>
    </ClInclude>
    <ClInclude Include="backends\imgui_impl_opengl3.h">
      <Filter>backends</Filter>
    </ClInclude>
    <ClInclude Include="backends\imgui_impl_opengl3_loader.h">
      <Filter>backends</Filter>
    </ClInclude>
    <ClInclude Include="backends\imgui_impl_osx.h">
      <Filter>backends</Filter>
    </ClInclude>
    <ClInclude Include="backends\imgui_impl_sdl2.h">
      <Filter>backends</Filter>
    </ClInclude>
    <ClInclude Include="backends\imgui_impl_sdl3.h">
      <Filter>backends</Filter>
    </ClInclude>
    <ClInclude Include="backends\imgui_impl_sdlrenderer2.h">
      <Filter>backends</Filter>
    </ClInclude>
    <ClInclude Include="backends\imgui_impl_sdlrenderer3.h">
      <Filter>backends</Filter>
    </ClInclude>
    <ClInclude Include="backends\imgui_impl_vulkan.h">
      <Filter>backends</Filter>
    </ClInclude>
    <ClInclude Include="backends\imgui_impl_wgpu.h">
      <Filter>backends</Filter>
    </ClInclude>
    <ClInclude Include="backends\imgui_impl_win32.h">
      <Filter>backends</Filter>
    </ClInclude>
    <ClInclude Include="examples\example_allegro5\imconfig_allegro5.h">
      <Filter>examples\example_allegro5</Filter>
    </ClInclude>
    <ClInclude Include="examples\libs\emscripten\emscripten_mainloop_stub.h">
      <Filter>examples\libs\emscripten</Filter>
    </ClInclude>
    <ClInclude Include="examples\libs\glfw\include\GLFW\glfw3.h">
      <Filter>examples\libs\glfw\include\GLFW</Filter>
    </ClInclude>
    <ClInclude Include="examples\libs\glfw\include\GLFW\glfw3native.h">
      <Filter>examples\libs\glfw\include\GLFW</Filter>
    </ClInclude>
    <ClInclude Include="examples\libs\usynergy\uSynergy.h">
      <Filter>examples\libs\usynergy</Filter>
    </ClInclude>
    <ClInclude Include="imconfig.h" />
    <ClInclude Include="imgui.h" />
    <ClInclude Include="imgui_internal.h" />
    <ClInclude Include="imstb_rectpack.h" />
    <ClInclude Include="imstb_textedit.h" />
    <ClInclude Include="imstb_truetype.h" />
    <ClInclude Include="misc\cpp\imgui_stdlib.h">
      <Filter>misc\cpp</Filter>
    </ClInclude>
    <ClInclude Include="misc\freetype\imgui_freetype.h">
      <Filter>misc\freetype</Filter>
    </ClInclude>
    <ClInclude Include="misc\single_file\imgui_single_file.h">
      <Filter>misc\single_file</Filter>
    </ClInclude>
  </ItemGroup>
  <ItemGroup>
    <ClCompile Include="backends\imgui_impl_allegro5.cpp">
      <Filter>backends</Filter>
    </ClCompile>
    <ClCompile Include="backends\imgui_impl_android.cpp">
      <Filter>backends</Filter>
    </ClCompile>
    <ClCompile Include="backends\imgui_impl_dx10.cpp">
      <Filter>backends</Filter>
    </ClCompile>
    <ClCompile Include="backends\imgui_impl_dx11.cpp">
      <Filter>backends</Filter>
    </ClCompile>
    <ClCompile Include="backends\imgui_impl_dx12.cpp">
      <Filter>backends</Filter>
    </ClCompile>
    <ClCompile Include="backends\imgui_impl_dx9.cpp">
      <Filter>backends</Filter>
    </ClCompile>
    <ClCompile Include="backends\imgui_impl_glfw.cpp">
      <Filter>backends</Filter>
    </ClCompile>
    <ClCompile Include="backends\imgui_impl_glut.cpp">
      <Filter>backends</Filter>
    </ClCompile>
    <ClCompile Include="backends\imgui_impl_opengl2.cpp">
      <Filter>backends</Filter>
    </ClCompile>
    <ClCompile Include="backends\imgui_impl_opengl3.cpp">
      <Filter>backends</Filter>
    </ClCompile>
    <ClCompile Include="backends\imgui_impl_sdl2.cpp">
      <Filter>backends</Filter>
    </ClCompile>
    <ClCompile Include="backends\imgui_impl_sdl3.cpp">
      <Filter>backends</Filter>
    </ClCompile>
    <ClCompile Include="backends\imgui_impl_sdlrenderer2.cpp">
      <Filter>backends</Filter>
    </ClCompile>
    <ClCompile Include="backends\imgui_impl_sdlrenderer3.cpp">
      <Filter>backends</Filter>
    </ClCompile>
    <ClCompile Include="backends\imgui_impl_vulkan.cpp">
      <Filter>backends</Filter>
    </ClCompile>
    <ClCompile Include="backends\imgui_impl_wgpu.cpp">
      <Filter>backends</Filter>
    </ClCompile>
    <ClCompile Include="backends\imgui_impl_win32.cpp">
      <Filter>backends</Filter>
    </ClCompile>
    <ClCompile Include="examples\example_allegro5\main.cpp">
      <Filter>examples\example_allegro5</Filter>
    </ClCompile>
    <ClCompile Include="examples\example_android_opengl3\main.cpp">
      <Filter>examples\example_android_opengl3</Filter>
    </ClCompile>
    <ClCompile Include="examples\example_emscripten_wgpu\main.cpp">
      <Filter>examples\example_emscripten_wgpu</Filter>
    </ClCompile>
    <ClCompile Include="examples\example_glfw_opengl2\main.cpp">
      <Filter>examples\example_glfw_opengl2</Filter>
    </ClCompile>
    <ClCompile Include="examples\example_glfw_opengl3\main.cpp">
      <Filter>examples\example_glfw_opengl3</Filter>
    </ClCompile>
    <ClCompile Include="examples\example_glfw_vulkan\main.cpp">
      <Filter>examples\example_glfw_vulkan</Filter>
    </ClCompile>
    <ClCompile Include="examples\example_glut_opengl2\main.cpp">
      <Filter>examples\example_glut_opengl2</Filter>
    </ClCompile>
    <ClCompile Include="examples\example_null\main.cpp">
      <Filter>examples\example_null</Filter>
    </ClCompile>
    <ClCompile Include="examples\example_sdl2_directx11\main.cpp">
      <Filter>examples\example_sdl2_directx11</Filter>
    </ClCompile>
    <ClCompile Include="examples\example_sdl2_opengl2\main.cpp">
      <Filter>examples\example_sdl2_opengl2</Filter>
    </ClCompile>
    <ClCompile Include="examples\example_sdl2_opengl3\main.cpp">
      <Filter>examples\example_sdl2_opengl3</Filter>
    </ClCompile>
    <ClCompile Include="examples\example_sdl2_sdlrenderer2\main.cpp">
      <Filter>examples\example_sdl2_sdlrenderer2</Filter>
    </ClCompile>
    <ClCompile Include="examples\example_sdl2_vulkan\main.cpp">
      <Filter>examples\example_sdl2_vulkan</Filter>
    </ClCompile>
    <ClCompile Include="examples\example_sdl3_opengl3\main.cpp">
      <Filter>examples\example_sdl3_opengl3</Filter>
    </ClCompile>
    <ClCompile Include="examples\example_sdl3_sdlrenderer3\main.cpp">
      <Filter>examples\example_sdl3_sdlrenderer3</Filter>
    </ClCompile>
    <ClCompile Include="examples\example_win32_directx10\main.cpp">
      <Filter>examples\example_win32_directx10</Filter>
    </ClCompile>
    <ClCompile Include="examples\example_win32_directx11\main.cpp">
      <Filter>examples\example_win32_directx11</Filter>
    </ClCompile>
    <ClCompile Include="examples\example_win32_directx12\main.cpp">
      <Filter>examples\example_win32_directx12</Filter>
    </ClCompile>
    <ClCompile Include="examples\example_win32_directx9\main.cpp">
      <Filter>examples\example_win32_directx9</Filter>
    </ClCompile>
    <ClCompile Include="examples\example_win32_opengl3\main.cpp">
      <Filter>examples\example_win32_opengl3</Filter>
    </ClCompile>
    <ClCompile Include="imgui.cpp" />
    <ClCompile Include="imgui_demo.cpp" />
    <ClCompile Include="imgui_draw.cpp" />
    <ClCompile Include="imgui_tables.cpp" />
    <ClCompile Include="imgui_widgets.cpp" />
    <ClCompile Include="misc\cpp\imgui_stdlib.cpp">
      <Filter>misc\cpp</Filter>
    </ClCompile>
    <ClCompile Include="misc\fonts\binary_to_compressed_c.cpp">
      <Filter>misc\fonts</Filter>
    </ClCompile>
    <ClCompile Include="misc\freetype\imgui_freetype.cpp">
      <Filter>misc\freetype</Filter>
    </ClCompile>
  </ItemGroup>
</Project>